{
  "name": "@my-scope/npm-update-bug",
  "version": "1.0.0",
  "lockfileVersion": 2,
  "requires": true,
  "packages": {
    "": {
      "name": "@my-scope/npm-update-bug",
      "version": "1.0.0",
      "license": "ISC",
      "workspaces": [
        "packages/npm-update-bug-my-lib",
        "packages/npm-update-bug-my-wrapper"
      ]
    },
    "node_modules/@my-scope/npm-update-bug-my-lib": {
      "resolved": "packages/npm-update-bug-my-lib",
      "link": true
    },
    "node_modules/@my-scope/npm-update-bug-my-wrapper": {
      "resolved": "packages/npm-update-bug-my-wrapper",
      "link": true
    },
    "packages/npm-update-bug-my-lib": {
      "name": "@my-scope/npm-update-bug-my-lib",
      "version": "0.0.0"
    },
    "packages/npm-update-bug-my-wrapper": {
      "name": "@my-scope/npm-update-bug-my-wrapper",
      "version": "0.0.0",
      "dependencies": {
        "@my-scope/npm-update-bug-my-lib": "0.0.0"
      }
    }
  },
  "dependencies": {
    "@my-scope/npm-update-bug-my-lib": {
      "version": "file:packages/npm-update-bug-my-lib"
    },
    "@my-scope/npm-update-bug-my-wrapper": {
      "version": "file:packages/npm-update-bug-my-wrapper",
      "requires": {
        "@my-scope/npm-update-bug-my-lib": "0.0.0"
      }
    }
  }
}
